
Microsoft Visual Studio Solution File, Format Version 12.00
# Visual Studio Version 17
VisualStudioVersion = 17.3.32901.215
MinimumVisualStudioVersion = 10.0.40219.1
Project("{FAE04EC0-301F-11D3-BF4B-00C04F79EFBC}") = "CountingEachElementChallenge", "..\CountingEachElementChallenge\CountingEachElementChallenge.csproj", "{8BED0525-A423-41BF-BDB5-33CA1B6F4BD0}"
EndProject
Project("{FAE04EC0-301F-11D3-BF4B-00C04F79EFBC}") = "DetectingACycleInLinkedList", "..\DetectingACycleInLinkedList\DetectingACycleInLinkedList.csproj", "{05DE9E10-F5D7-4C04-953D-E6E4E583913C}"
EndProject
Global
	GlobalSection(SolutionConfigurationPlatforms) = preSolution
		Debug|Any CPU = Debug|Any CPU
		Release|Any CPU = Release|Any CPU
	EndGlobalSection
	GlobalSection(ProjectConfigurationPlatforms) = postSolution
		{8BED0525-A423-41BF-BDB5-33CA1B6F4BD0}.Debug|Any CPU.ActiveCfg = Debug|Any CPU
		{8BED0525-A423-41BF-BDB5-33CA1B6F4BD0}.Debug|Any CPU.Build.0 = Debug|Any CPU
		{8BED0525-A423-41BF-BDB5-33CA1B6F4BD0}.Release|Any CPU.ActiveCfg = Release|Any CPU
		{8BED0525-A423-41BF-BDB5-33CA1B6F4BD0}.Release|Any CPU.Build.0 = Release|Any CPU
		{05DE9E10-F5D7-4C04-953D-E6E4E583913C}.Debug|Any CPU.ActiveCfg = Debug|Any CPU
		{05DE9E10-F5D7-4C04-953D-E6E4E583913C}.Debug|Any CPU.Build.0 = Debug|Any CPU
		{05DE9E10-F5D7-4C04-953D-E6E4E583913C}.Release|Any CPU.ActiveCfg = Release|Any CPU
		{05DE9E10-F5D7-4C04-953D-E6E4E583913C}.Release|Any CPU.Build.0 = Release|Any CPU
	EndGlobalSection
	GlobalSection(SolutionProperties) = preSolution
		HideSolutionNode = FALSE
	EndGlobalSection
	GlobalSection(ExtensibilityGlobals) = postSolution
		SolutionGuid = {020548CC-6694-470F-8C03-CCE80E81EC82}
	EndGlobalSection
EndGlobal
